
Microsoft Visual Studio Solution File, Format Version 12.00
# Visual Studio Version 17
VisualStudioVersion = 17.4.33122.133
MinimumVisualStudioVersion = 10.0.40219.1
Project("{FAE04EC0-301F-11D3-BF4B-00C04F79EFBC}") = "QueueUserAPC", "QueueUserAPC\QueueUserAPC.csproj", "{3BC0CDE2-B19F-405A-8402-8BFF87B5D356}"
EndProject
Global
	GlobalSection(SolutionConfigurationPlatforms) = preSolution
		Debug|Any CPU = Debug|Any CPU
		Release|Any CPU = Release|Any CPU
	EndGlobalSection
	GlobalSection(ProjectConfigurationPlatforms) = postSolution
		{3BC0CDE2-B19F-405A-8402-8BFF87B5D356}.Debug|Any CPU.ActiveCfg = Debug|Any CPU
		{3BC0CDE2-B19F-405A-8402-8BFF87B5D356}.Debug|Any CPU.Build.0 = Debug|Any CPU
		{3BC0CDE2-B19F-405A-8402-8BFF87B5D356}.Release|Any CPU.ActiveCfg = Release|Any CPU
		{3BC0CDE2-B19F-405A-8402-8BFF87B5D356}.Release|Any CPU.Build.0 = Release|Any CPU
	EndGlobalSection
	GlobalSection(SolutionProperties) = preSolution
		HideSolutionNode = FALSE
	EndGlobalSection
	GlobalSection(ExtensibilityGlobals) = postSolution
		SolutionGuid = {C93223FB-D47C-4574-A436-2EA967196BBD}
	EndGlobalSection
EndGlobal
