
Microsoft Visual Studio Solution File, Format Version 12.00
# Visual Studio Version 17
VisualStudioVersion = 17.5.33414.496
MinimumVisualStudioVersion = 10.0.40219.1
Project("{FAE04EC0-301F-11D3-BF4B-00C04F79EFBC}") = "KarenDumpedMi", "KarenDumpedMi\KarenDumpedMi.csproj", "{F7DA7816-7E0B-4107-A787-24B82B8C03F0}"
EndProject
Global
	GlobalSection(SolutionConfigurationPlatforms) = preSolution
		Debug|Any CPU = Debug|Any CPU
		Release|Any CPU = Release|Any CPU
	EndGlobalSection
	GlobalSection(ProjectConfigurationPlatforms) = postSolution
		{F7DA7816-7E0B-4107-A787-24B82B8C03F0}.Debug|Any CPU.ActiveCfg = Debug|Any CPU
		{F7DA7816-7E0B-4107-A787-24B82B8C03F0}.Debug|Any CPU.Build.0 = Debug|Any CPU
		{F7DA7816-7E0B-4107-A787-24B82B8C03F0}.Release|Any CPU.ActiveCfg = Release|Any CPU
		{F7DA7816-7E0B-4107-A787-24B82B8C03F0}.Release|Any CPU.Build.0 = Release|Any CPU
	EndGlobalSection
	GlobalSection(SolutionProperties) = preSolution
		HideSolutionNode = FALSE
	EndGlobalSection
	GlobalSection(ExtensibilityGlobals) = postSolution
		SolutionGuid = {C0B08818-9475-4E44-A47B-5201BE8470E9}
	EndGlobalSection
EndGlobal
