
Microsoft Visual Studio Solution File, Format Version 12.00
# Visual Studio Version 17
VisualStudioVersion = 17.4.33122.133
MinimumVisualStudioVersion = 10.0.40219.1
Project("{FAE04EC0-301F-11D3-BF4B-00C04F79EFBC}") = "CreateThread", "CreateThread\CreateThread.csproj", "{94489443-FD67-4B56-AA84-1A96B5D48082}"
EndProject
Global
	GlobalSection(SolutionConfigurationPlatforms) = preSolution
		Debug|Any CPU = Debug|Any CPU
		Release|Any CPU = Release|Any CPU
	EndGlobalSection
	GlobalSection(ProjectConfigurationPlatforms) = postSolution
		{94489443-FD67-4B56-AA84-1A96B5D48082}.Debug|Any CPU.ActiveCfg = Debug|Any CPU
		{94489443-FD67-4B56-AA84-1A96B5D48082}.Debug|Any CPU.Build.0 = Debug|Any CPU
		{94489443-FD67-4B56-AA84-1A96B5D48082}.Release|Any CPU.ActiveCfg = Release|Any CPU
		{94489443-FD67-4B56-AA84-1A96B5D48082}.Release|Any CPU.Build.0 = Release|Any CPU
	EndGlobalSection
	GlobalSection(SolutionProperties) = preSolution
		HideSolutionNode = FALSE
	EndGlobalSection
	GlobalSection(ExtensibilityGlobals) = postSolution
		SolutionGuid = {B4369146-7471-49CF-A910-0B0FFD633729}
	EndGlobalSection
EndGlobal
