
Microsoft Visual Studio Solution File, Format Version 12.00
# Visual Studio Version 17
VisualStudioVersion = 17.4.33403.182
MinimumVisualStudioVersion = 10.0.40219.1
Project("{FAE04EC0-301F-11D3-BF4B-00C04F79EFBC}") = "ETWBlinder", "ETWBlinder\ETWBlinder.csproj", "{51E8CBA5-6012-4C99-8A8A-C1F573B1FA2B}"
EndProject
Global
	GlobalSection(SolutionConfigurationPlatforms) = preSolution
		Debug|Any CPU = Debug|Any CPU
		Release|Any CPU = Release|Any CPU
	EndGlobalSection
	GlobalSection(ProjectConfigurationPlatforms) = postSolution
		{51E8CBA5-6012-4C99-8A8A-C1F573B1FA2B}.Debug|Any CPU.ActiveCfg = Debug|Any CPU
		{51E8CBA5-6012-4C99-8A8A-C1F573B1FA2B}.Debug|Any CPU.Build.0 = Debug|Any CPU
		{51E8CBA5-6012-4C99-8A8A-C1F573B1FA2B}.Release|Any CPU.ActiveCfg = Release|Any CPU
		{51E8CBA5-6012-4C99-8A8A-C1F573B1FA2B}.Release|Any CPU.Build.0 = Release|Any CPU
	EndGlobalSection
	GlobalSection(SolutionProperties) = preSolution
		HideSolutionNode = FALSE
	EndGlobalSection
	GlobalSection(ExtensibilityGlobals) = postSolution
		SolutionGuid = {B62B1632-DCAE-4F8A-891D-F73EB8367ACD}
	EndGlobalSection
EndGlobal
